
Microsoft Visual Studio Solution File, Format Version 12.00
# Visual Studio Version 16
VisualStudioVersion = 16.0.32802.440
MinimumVisualStudioVersion = 10.0.40219.1
Project("{FAE04EC0-301F-11D3-BF4B-00C04F79EFBC}") = "NumIdenticalPairs", "NumIdenticalPairs\NumIdenticalPairs.csproj", "{8B3D85EC-5189-482F-B3A6-E931207B7458}"
EndProject
Global
	GlobalSection(SolutionConfigurationPlatforms) = preSolution
		Debug|Any CPU = Debug|Any CPU
		Release|Any CPU = Release|Any CPU
	EndGlobalSection
	GlobalSection(ProjectConfigurationPlatforms) = postSolution
		{8B3D85EC-5189-482F-B3A6-E931207B7458}.Debug|Any CPU.ActiveCfg = Debug|Any CPU
		{8B3D85EC-5189-482F-B3A6-E931207B7458}.Debug|Any CPU.Build.0 = Debug|Any CPU
		{8B3D85EC-5189-482F-B3A6-E931207B7458}.Release|Any CPU.ActiveCfg = Release|Any CPU
		{8B3D85EC-5189-482F-B3A6-E931207B7458}.Release|Any CPU.Build.0 = Release|Any CPU
	EndGlobalSection
	GlobalSection(SolutionProperties) = preSolution
		HideSolutionNode = FALSE
	EndGlobalSection
	GlobalSection(ExtensibilityGlobals) = postSolution
		SolutionGuid = {CDCAB692-FAD3-406D-AEAD-6698D934C63C}
	EndGlobalSection
EndGlobal
